{
  "version": 4,
  "terraform_version": "1.9.0",
  "serial": 715,
  "lineage": "e25de1cb-947d-9a09-a22e-33cbd07aa742",
  "outputs": {},
  "resources": [
    {
      "mode": "data",
      "type": "nebius_kubernetes_node_group",
      "name": "gpu",
      "provider": "provider[\"terraform-registry.storage.ai.nebius.cloud/nebius/nebius\"]",
      "instances": [
        {
          "schema_version": 0,
          "attributes": {
            "allocation_policy": [
              {
                "location": [
                  {
                    "subnet_id": "f8uj0d61jj57c4svfvgs",
                    "zone": "eu-north1-c"
                  }
                ]
              }
            ],
            "allowed_unsafe_sysctls": [],
            "cluster_id": "f2mep45ptr93h1pjl6lr",
            "created_at": "2024-06-28T20:06:24Z",
            "deploy_policy": [
              {
                "max_expansion": 3,
                "max_unavailable": 0
              }
            ],
            "description": "k8s node group with Nvidia h100-8-gpu nodes with autoscaling",
            "folder_id": null,
            "id": "f2m6gipn5rqnhgunbhpk",
            "instance_group_id": "a4hpb7bkhl3og5qb9c6a",
            "instance_template": [
              {
                "boot_disk": [
                  {
                    "size": 128,
                    "type": "network-ssd"
                  }
                ],
                "container_network": [
                  {
                    "pod_mtu": 0
                  }
                ],
                "container_runtime": [
                  {
                    "type": "containerd"
                  }
                ],
                "gpu_settings": [
                  {
                    "gpu_cluster_id": "dp7ufp4ijemjunnvdrq1",
                    "gpu_environment": "runc"
                  }
                ],
                "labels": {},
                "metadata": {},
                "name": "",
                "nat": false,
                "network_acceleration_type": "standard",
                "network_interface": [
                  {
                    "ipv4": true,
                    "ipv4_dns_records": [],
                    "ipv6": false,
                    "ipv6_dns_records": [],
                    "nat": false,
                    "security_group_ids": [
                      "btc3uv27t9016fbosk82",
                      "btcn5rbo0s0nn3in4cn0",
                      "btcu2i4tnaubvd6hsphr"
                    ],
                    "subnet_ids": [
                      "f8uj0d61jj57c4svfvgs"
                    ]
                  }
                ],
                "placement_policy": [],
                "platform_id": "gpu-h100",
                "resources": [
                  {
                    "core_fraction": 100,
                    "cores": 160,
                    "gpus": 8,
                    "memory": 1280
                  }
                ],
                "scheduling_policy": [
                  {
                    "preemptible": false
                  }
                ]
              }
            ],
            "labels": {},
            "maintenance_policy": [
              {
                "auto_repair": true,
                "auto_upgrade": true,
                "maintenance_window": [
                  {
                    "day": "monday",
                    "duration": "3h0m0s",
                    "start_time": "20:00:00.000000000"
                  }
                ]
              }
            ],
            "name": "k8s-ng-h100-8gpu",
            "node_group_id": "f2m6gipn5rqnhgunbhpk",
            "node_labels": {
              "cloud.google.com/gke-accelerator": "nvidia-h100-80gb",
              "driver.config": "535",
              "nebius.com/group-name": "k8s-ng-h100-8gpu"
            },
            "node_taints": [
              "nvidia.com/gpu=:NoSchedule"
            ],
            "scale_policy": [
              {
                "auto_scale": [],
                "fixed_scale": [
                  {
                    "size": 2
                  }
                ]
              }
            ],
            "status": "running",
            "version_info": [
              {
                "current_version": "1.28",
                "new_revision_available": false,
                "new_revision_summary": "",
                "version_deprecated": false
              }
            ]
          },
          "sensitive_attributes": []
        }
      ]
    },
    {
      "mode": "data",
      "type": "nebius_kubernetes_node_group",
      "name": "non_gpu",
      "provider": "provider[\"terraform-registry.storage.ai.nebius.cloud/nebius/nebius\"]",
      "instances": [
        {
          "schema_version": 0,
          "attributes": {
            "allocation_policy": [
              {
                "location": [
                  {
                    "subnet_id": "f8uj0d61jj57c4svfvgs",
                    "zone": "eu-north1-c"
                  }
                ]
              }
            ],
            "allowed_unsafe_sysctls": [],
            "cluster_id": "f2mep45ptr93h1pjl6lr",
            "created_at": "2024-06-28T20:06:24Z",
            "deploy_policy": [
              {
                "max_expansion": 3,
                "max_unavailable": 0
              }
            ],
            "description": "k8s node group without GPUs.",
            "folder_id": null,
            "id": "f2mappabqokipo3372iq",
            "instance_group_id": "a4h7vk0pgnkjvu9mhpt2",
            "instance_template": [
              {
                "boot_disk": [
                  {
                    "size": 128,
                    "type": "network-ssd"
                  }
                ],
                "container_network": [
                  {
                    "pod_mtu": 0
                  }
                ],
                "container_runtime": [
                  {
                    "type": "containerd"
                  }
                ],
                "gpu_settings": [],
                "labels": {},
                "metadata": {},
                "name": "",
                "nat": false,
                "network_acceleration_type": "standard",
                "network_interface": [
                  {
                    "ipv4": true,
                    "ipv4_dns_records": [],
                    "ipv6": false,
                    "ipv6_dns_records": [],
                    "nat": false,
                    "security_group_ids": [
                      "btc3uv27t9016fbosk82",
                      "btcn5rbo0s0nn3in4cn0",
                      "btcu2i4tnaubvd6hsphr"
                    ],
                    "subnet_ids": [
                      "f8uj0d61jj57c4svfvgs"
                    ]
                  }
                ],
                "placement_policy": [],
                "platform_id": "standard-v2",
                "resources": [
                  {
                    "core_fraction": 100,
                    "cores": 8,
                    "gpus": 0,
                    "memory": 32
                  }
                ],
                "scheduling_policy": [
                  {
                    "preemptible": false
                  }
                ]
              }
            ],
            "labels": {},
            "maintenance_policy": [
              {
                "auto_repair": true,
                "auto_upgrade": true,
                "maintenance_window": [
                  {
                    "day": "monday",
                    "duration": "3h0m0s",
                    "start_time": "20:00:00.000000000"
                  }
                ]
              }
            ],
            "name": "k8s-ng-non-gpu",
            "node_group_id": "f2mappabqokipo3372iq",
            "node_labels": {
              "nebius.com/group-name": "k8s-ng-non-gpu"
            },
            "node_taints": [],
            "scale_policy": [
              {
                "auto_scale": [],
                "fixed_scale": [
                  {
                    "size": 2
                  }
                ]
              }
            ],
            "status": "running",
            "version_info": [
              {
                "current_version": "1.28",
                "new_revision_available": false,
                "new_revision_summary": "",
                "version_deprecated": false
              }
            ]
          },
          "sensitive_attributes": []
        }
      ]
    },
    {
      "mode": "managed",
      "type": "helm_release",
      "name": "k8s_cluster_operator_gpu",
      "provider": "provider[\"registry.terraform.io/hashicorp/helm\"]",
      "instances": [
        {
          "schema_version": 1,
          "attributes": {
            "atomic": false,
            "chart": "gpu-operator",
            "cleanup_on_fail": false,
            "create_namespace": true,
            "dependency_update": false,
            "description": null,
            "devel": null,
            "disable_crd_hooks": false,
            "disable_openapi_validation": false,
            "disable_webhooks": false,
            "force_update": false,
            "id": "gpu-operator",
            "keyring": null,
            "lint": false,
            "manifest": null,
            "max_history": 0,
            "metadata": [
              {
                "app_version": "v23.9.0",
                "chart": "gpu-operator",
                "first_deployed": 1719605576,
                "last_deployed": 1719605576,
                "name": "gpu-operator",
                "namespace": "gpu-operator",
                "notes": "",
                "revision": 1,
                "values": "{\"driver\":{\"rdma\":{\"enabled\":true},\"version\":\"535.104.12\"},\"toolkit\":{\"enabled\":true}}",
                "version": "v23.9.0"
              }
            ],
            "name": "gpu-operator",
            "namespace": "gpu-operator",
            "pass_credentials": false,
            "postrender": [],
            "recreate_pods": false,
            "render_subchart_notes": true,
            "replace": false,
            "repository": "oci://cr.nemax.nebius.cloud/yc-marketplace/nebius/gpu-operator/chart/",
            "repository_ca_file": null,
            "repository_cert_file": null,
            "repository_key_file": null,
            "repository_password": null,
            "repository_username": null,
            "reset_values": false,
            "reuse_values": false,
            "set": [
              {
                "name": "driver.rdma.enabled",
                "type": "",
                "value": "true"
              },
              {
                "name": "driver.version",
                "type": "",
                "value": "535.104.12"
              },
              {
                "name": "toolkit.enabled",
                "type": "",
                "value": "true"
              }
            ],
            "set_list": [],
            "set_sensitive": [],
            "skip_crds": false,
            "status": "deployed",
            "timeout": 300,
            "values": null,
            "verify": false,
            "version": "v23.9.0",
            "wait": true,
            "wait_for_jobs": true
          },
          "sensitive_attributes": [
            [
              {
                "type": "get_attr",
                "value": "repository_password"
              }
            ]
          ],
          "private": "eyJzY2hlbWFfdmVyc2lvbiI6IjEifQ==",
          "dependencies": [
            "data.nebius_client_config.client",
            "module.k8s_cluster.data.nebius_client_config.client",
            "module.k8s_cluster.nebius_iam_service_account.master",
            "module.k8s_cluster.nebius_iam_service_account.node_account",
            "module.k8s_cluster.nebius_kubernetes_cluster.kube_cluster",
            "module.k8s_cluster.nebius_kubernetes_node_group.kube_node_groups",
            "module.k8s_cluster.nebius_resourcemanager_folder_iam_member.node_account",
            "module.k8s_cluster.nebius_resourcemanager_folder_iam_member.node_account_monitoring",
            "module.k8s_cluster.nebius_resourcemanager_folder_iam_member.sa_calico_network_policy_role",
            "module.k8s_cluster.nebius_resourcemanager_folder_iam_member.sa_cilium_network_policy_role",
            "module.k8s_cluster.nebius_resourcemanager_folder_iam_member.sa_logging_writer_role",
            "module.k8s_cluster.nebius_resourcemanager_folder_iam_member.sa_node_group_loadbalancer_role_admin",
            "module.k8s_cluster.nebius_resourcemanager_folder_iam_member.sa_node_group_public_role_admin",
            "module.k8s_cluster.nebius_resourcemanager_folder_iam_member.sa_public_loadbalancers_role",
            "module.k8s_cluster.nebius_vpc_security_group.k8s_custom_rules_sg",
            "module.k8s_cluster.nebius_vpc_security_group.k8s_main_sg",
            "module.k8s_cluster.nebius_vpc_security_group.k8s_master_whitelist_sg",
            "module.k8s_cluster.nebius_vpc_security_group.k8s_nodes_ssh_access_sg",
            "module.k8s_cluster.nebius_vpc_security_group_rule.egress_rules",
            "module.k8s_cluster.nebius_vpc_security_group_rule.ingress_rules",
            "module.k8s_cluster.random_string.unique_id",
            "nebius_compute_gpu_cluster.this",
            "nebius_vpc_gateway.this",
            "nebius_vpc_network.this",
            "nebius_vpc_route_table.this",
            "nebius_vpc_subnet.this"
          ]
        }
      ]
    },
    {
      "mode": "managed",
      "type": "helm_release",
      "name": "k8s_cluster_operator_network",
      "provider": "provider[\"registry.terraform.io/hashicorp/helm\"]",
      "instances": [
        {
          "schema_version": 1,
          "attributes": {
            "atomic": false,
            "chart": "network-operator",
            "cleanup_on_fail": false,
            "create_namespace": true,
            "dependency_update": false,
            "description": null,
            "devel": null,
            "disable_crd_hooks": false,
            "disable_openapi_validation": false,
            "disable_webhooks": false,
            "force_update": false,
            "id": "network-operator",
            "keyring": null,
            "lint": false,
            "manifest": null,
            "max_history": 0,
            "metadata": [
              {
                "app_version": "v23.7.0",
                "chart": "network-operator",
                "first_deployed": 1719605577,
                "last_deployed": 1719605577,
                "name": "network-operator",
                "namespace": "network-operator",
                "notes": "Get Network Operator deployed resources by running the following commands:\n\n$ kubectl -n network-operator get pods",
                "revision": 1,
                "values": "{}",
                "version": "23.7.0"
              }
            ],
            "name": "network-operator",
            "namespace": "network-operator",
            "pass_credentials": false,
            "postrender": [],
            "recreate_pods": false,
            "render_subchart_notes": true,
            "replace": false,
            "repository": "oci://cr.nemax.nebius.cloud/yc-marketplace/nebius/network-operator/chart/",
            "repository_ca_file": null,
            "repository_cert_file": null,
            "repository_key_file": null,
            "repository_password": null,
            "repository_username": null,
            "reset_values": false,
            "reuse_values": false,
            "set": [],
            "set_list": [],
            "set_sensitive": [],
            "skip_crds": false,
            "status": "deployed",
            "timeout": 300,
            "values": null,
            "verify": false,
            "version": "23.7.0",
            "wait": true,
            "wait_for_jobs": true
          },
          "sensitive_attributes": [
            [
              {
                "type": "get_attr",
                "value": "repository_password"
              }
            ]
          ],
          "private": "eyJzY2hlbWFfdmVyc2lvbiI6IjEifQ==",
          "dependencies": [
            "data.nebius_client_config.client",
            "module.k8s_cluster.data.nebius_client_config.client",
            "module.k8s_cluster.nebius_iam_service_account.master",
            "module.k8s_cluster.nebius_iam_service_account.node_account",
            "module.k8s_cluster.nebius_kubernetes_cluster.kube_cluster",
            "module.k8s_cluster.nebius_kubernetes_node_group.kube_node_groups",
            "module.k8s_cluster.nebius_resourcemanager_folder_iam_member.node_account",
            "module.k8s_cluster.nebius_resourcemanager_folder_iam_member.node_account_monitoring",
            "module.k8s_cluster.nebius_resourcemanager_folder_iam_member.sa_calico_network_policy_role",
            "module.k8s_cluster.nebius_resourcemanager_folder_iam_member.sa_cilium_network_policy_role",
            "module.k8s_cluster.nebius_resourcemanager_folder_iam_member.sa_logging_writer_role",
            "module.k8s_cluster.nebius_resourcemanager_folder_iam_member.sa_node_group_loadbalancer_role_admin",
            "module.k8s_cluster.nebius_resourcemanager_folder_iam_member.sa_node_group_public_role_admin",
            "module.k8s_cluster.nebius_resourcemanager_folder_iam_member.sa_public_loadbalancers_role",
            "module.k8s_cluster.nebius_vpc_security_group.k8s_custom_rules_sg",
            "module.k8s_cluster.nebius_vpc_security_group.k8s_main_sg",
            "module.k8s_cluster.nebius_vpc_security_group.k8s_master_whitelist_sg",
            "module.k8s_cluster.nebius_vpc_security_group.k8s_nodes_ssh_access_sg",
            "module.k8s_cluster.nebius_vpc_security_group_rule.egress_rules",
            "module.k8s_cluster.nebius_vpc_security_group_rule.ingress_rules",
            "module.k8s_cluster.random_string.unique_id",
            "nebius_compute_gpu_cluster.this",
            "nebius_vpc_gateway.this",
            "nebius_vpc_network.this",
            "nebius_vpc_route_table.this",
            "nebius_vpc_subnet.this"
          ]
        }
      ]
    },
    {
      "mode": "managed",
      "type": "helm_release",
      "name": "slurm_cluster",
      "provider": "provider[\"registry.terraform.io/hashicorp/helm\"]",
      "instances": [
        {
          "index_key": 0,
          "schema_version": 1,
          "attributes": {
            "atomic": false,
            "chart": "../../helm/slurm-cluster",
            "cleanup_on_fail": false,
            "create_namespace": true,
            "dependency_update": false,
            "description": null,
            "devel": null,
            "disable_crd_hooks": false,
            "disable_openapi_validation": false,
            "disable_webhooks": false,
            "force_update": false,
            "id": "slurm-cluster",
            "keyring": null,
            "lint": false,
            "manifest": null,
            "max_history": 0,
            "metadata": [
              {
                "app_version": "1.7.0-r42033",
                "chart": "slurm-cluster",
                "first_deployed": 1719922341,
                "last_deployed": 1719922341,
                "name": "slurm-cluster",
                "namespace": "slurm",
                "notes": "",
                "revision": 1,
                "values": "{\"clusterName\":\"slurm\",\"k8sNodeFilters\":[{\"affinity\":{\"nodeAffinity\":{\"requiredDuringSchedulingIgnoredDuringExecution\":{\"nodeSelectorTerms\":[{\"matchExpressions\":[{\"key\":\"nebius.com/node-group-id\",\"operator\":\"In\",\"values\":[\"f2m6gipn5rqnhgunbhpk\"]}]}]}}},\"name\":\"gpu\",\"tolerations\":[{\"effect\":\"NoSchedule\",\"key\":\"nvidia.com/gpu\",\"operator\":\"Exists\"}]},{\"affinity\":{\"nodeAffinity\":{\"requiredDuringSchedulingIgnoredDuringExecution\":{\"nodeSelectorTerms\":[{\"matchExpressions\":[{\"key\":\"nebius.com/node-group-id\",\"operator\":\"In\",\"values\":[\"f2mappabqokipo3372iq\"]}]}]}}},\"name\":\"non-gpu\"}],\"periodicChecks\":{\"ncclBenchmark\":{\"enabled\":true,\"failureActions\":{\"setSlurmNodeDrainState\":true},\"k8sNodeFilterName\":\"non-gpu\",\"ncclSettings\":{\"maxBytes\":\"8Gb\",\"minBytes\":\"512Mb\",\"stepFactor\":\"2\",\"thresholdMoreThan\":\"42\",\"timeout\":\"20:00\"},\"schedule\":\"0 */3 * * *\"}},\"populateJail\":{\"k8sNodeFilterName\":\"gpu\"},\"secrets\":{\"mungeKey\":{\"create\":true}},\"slurmNodes\":{\"controller\":{\"k8sNodeFilterName\":\"non-gpu\",\"munge\":{\"resources\":{\"cpu\":\"1000m\",\"ephemeralStorage\":\"5Gi\",\"memory\":\"1Gi\"}},\"size\":2,\"slurmctld\":{\"resources\":{\"cpu\":\"1000m\",\"ephemeralStorage\":\"20Gi\",\"memory\":\"3Gi\"}},\"volumes\":{\"jail\":{\"volumeSourceName\":\"jail\"},\"spool\":{\"volumeSourceName\":\"controller-spool\"}}},\"login\":{\"k8sNodeFilterName\":\"non-gpu\",\"munge\":{\"resources\":{\"cpu\":\"500m\",\"ephemeralStorage\":\"5Gi\",\"memory\":\"1Gi\"}},\"size\":2,\"sshRootPublicKeys\":[\"ssh-ed25519 AAAAC3NzaC1lZDI1NTE5AAAAIKzxkjzPQ4EyZSjan4MLGFSA18idpZicoKW7HC4YmwgN rdjjke@gmail.com\"],\"sshd\":{\"resources\":{\"cpu\":\"3000m\",\"ephemeralStorage\":\"30Gi\",\"memory\":\"9Gi\"}},\"sshdServiceLoadBalancerIP\":\"195.242.17.22\",\"sshdServiceType\":\"LoadBalancer\",\"volumes\":{\"jail\":{\"volumeSourceName\":\"jail\"},\"jailSubMounts\":[{\"mountPath\":\"/mlperf-sd\",\"name\":\"mlperf-sd\",\"volumeSourceName\":\"mlperf-sd\"}]}},\"worker\":{\"k8sNodeFilterName\":\"gpu\",\"munge\":{\"resources\":{\"cpu\":\"2000m\",\"ephemeralStorage\":\"5Gi\",\"memory\":\"4Gi\"}},\"size\":2,\"slurmd\":{\"resources\":{\"cpu\":\"156000m\",\"ephemeralStorage\":\"55Gi\",\"gpu\":\"8\",\"memory\":\"1220Gi\"}},\"volumes\":{\"jail\":{\"volumeSourceName\":\"jail\"},\"jailSubMounts\":[{\"mountPath\":\"/mlperf-sd\",\"name\":\"mlperf-sd\",\"volumeSourceName\":\"mlperf-sd\"}],\"spool\":{\"volumeClaimTemplateSpec\":{\"accessModes\":[\"ReadWriteOnce\"],\"resources\":{\"requests\":{\"storage\":\"128Gi\"}},\"storageClassName\":\"nebius-network-ssd\"}}}}},\"volumeSources\":[{\"name\":\"jail\",\"persistentVolumeClaim\":{\"claimName\":\"jail-pvc\",\"readOnly\":false}},{\"name\":\"controller-spool\",\"persistentVolumeClaim\":{\"claimName\":\"controller-spool-pvc\",\"readOnly\":false}},{\"name\":\"mlperf-sd\",\"persistentVolumeClaim\":{\"claimName\":\"mlperf-sd-pvc\",\"readOnly\":false}}]}",
                "version": "0.1.11"
              }
            ],
            "name": "slurm-cluster",
            "namespace": "slurm",
            "pass_credentials": false,
            "postrender": [],
            "recreate_pods": false,
            "render_subchart_notes": true,
            "replace": false,
            "repository": null,
            "repository_ca_file": null,
            "repository_cert_file": null,
            "repository_key_file": null,
            "repository_password": null,
            "repository_username": null,
            "reset_values": false,
            "reuse_values": false,
            "set": [],
            "set_list": [],
            "set_sensitive": [],
            "skip_crds": false,
            "status": "deployed",
            "timeout": 300,
            "values": [
              "clusterName: \"slurm\"\n\nk8sNodeFilters:\n  - name: \"gpu\"\n    affinity:\n      nodeAffinity:\n        requiredDuringSchedulingIgnoredDuringExecution:\n          nodeSelectorTerms:\n            - matchExpressions:\n                - key: \"nebius.com/node-group-id\"\n                  operator: In\n                  values:\n                    - \"f2m6gipn5rqnhgunbhpk\"\n    tolerations:\n      - key: nvidia.com/gpu\n        operator: Exists\n        effect: NoSchedule\n\n  - name: \"non-gpu\"\n    affinity:\n      nodeAffinity:\n        requiredDuringSchedulingIgnoredDuringExecution:\n          nodeSelectorTerms:\n            - matchExpressions:\n                - key: \"nebius.com/node-group-id\"\n                  operator: In\n                  values:\n                    - \"f2mappabqokipo3372iq\"\n\nvolumeSources:\n  - name: \"jail\"\n    persistentVolumeClaim:\n      claimName: \"jail-pvc\"\n      readOnly: false\n\n  - name: \"controller-spool\"\n    persistentVolumeClaim:\n      claimName: \"controller-spool-pvc\"\n      readOnly: false\n\n  \n\n  \n  - name: \"mlperf-sd\"\n    persistentVolumeClaim:\n      claimName: \"mlperf-sd-pvc\"\n      readOnly: false\n  \n\nsecrets:\n  mungeKey:\n    create: true\n\npopulateJail:\n  k8sNodeFilterName: \"gpu\"\n  \n\nperiodicChecks:\n  ncclBenchmark:\n    enabled: true\n    schedule: \"0 */3 * * *\"\n    ncclSettings:\n      minBytes: \"512Mb\"\n      maxBytes: \"8Gb\"\n      stepFactor: \"2\"\n      timeout: \"20:00\"\n      thresholdMoreThan: \"42\"\n    failureActions:\n      setSlurmNodeDrainState: true\n    k8sNodeFilterName: \"non-gpu\"\n\nslurmNodes:\n  controller:\n    size: 2\n    k8sNodeFilterName: \"non-gpu\"\n    slurmctld:\n      resources:\n        cpu: \"1000m\"\n        memory: \"3Gi\"\n        ephemeralStorage: \"20Gi\"\n    munge:\n      resources:\n        cpu: \"1000m\"\n        memory: \"1Gi\"\n        ephemeralStorage: \"5Gi\"\n    volumes:\n      spool:\n        volumeSourceName: \"controller-spool\"\n      jail:\n        volumeSourceName: \"jail\"\n  worker:\n    size: 2\n    k8sNodeFilterName: \"gpu\"\n    slurmd:\n      resources:\n        cpu: \"156000m\"\n        memory: \"1220Gi\"\n        ephemeralStorage: \"55Gi\"\n        gpu: \"8\"\n    munge:\n      resources:\n        cpu: \"2000m\"\n        memory: \"4Gi\"\n        ephemeralStorage: \"5Gi\"\n    volumes:\n      spool:\n        volumeClaimTemplateSpec:\n          storageClassName: \"nebius-network-ssd\"\n          accessModes: [ \"ReadWriteOnce\" ]\n          resources:\n            requests:\n              storage: \"128Gi\"\n      jail:\n        volumeSourceName: \"jail\"\n      \n      jailSubMounts:\n        \n        - name: \"mlperf-sd\"\n          mountPath: \"/mlperf-sd\"\n          volumeSourceName: \"mlperf-sd\"\n        \n      \n  login:\n    size: 2\n    k8sNodeFilterName: \"non-gpu\"\n    sshd:\n      resources:\n        cpu: \"3000m\"\n        memory: \"9Gi\"\n        ephemeralStorage: \"30Gi\"\n    sshdServiceType: \"LoadBalancer\"\n    sshdServiceLoadBalancerIP: \"195.242.17.22\"\n    sshRootPublicKeys:\n      \n      - \"ssh-ed25519 AAAAC3NzaC1lZDI1NTE5AAAAIKzxkjzPQ4EyZSjan4MLGFSA18idpZicoKW7HC4YmwgN rdjjke@gmail.com\"\n      \n    munge:\n      resources:\n        cpu: \"500m\"\n        memory: \"1Gi\"\n        ephemeralStorage: \"5Gi\"\n    volumes:\n      jail:\n        volumeSourceName: \"jail\"\n      \n      jailSubMounts:\n        \n        - name: \"mlperf-sd\"\n          mountPath: \"/mlperf-sd\"\n          volumeSourceName: \"mlperf-sd\"\n        \n      \n"
            ],
            "verify": false,
            "version": "0.1.11",
            "wait": true,
            "wait_for_jobs": true
          },
          "sensitive_attributes": [
            [
              {
                "type": "get_attr",
                "value": "repository_password"
              }
            ]
          ],
          "private": "eyJzY2hlbWFfdmVyc2lvbiI6IjEifQ==",
          "dependencies": [
            "data.nebius_client_config.client",
            "data.nebius_kubernetes_node_group.gpu",
            "data.nebius_kubernetes_node_group.non_gpu",
            "helm_release.k8s_cluster_operator_gpu",
            "helm_release.k8s_cluster_operator_network",
            "helm_release.slurm_cluster_filestore",
            "helm_release.slurm_operator",
            "module.k8s_cluster.data.nebius_client_config.client",
            "module.k8s_cluster.nebius_iam_service_account.master",
            "module.k8s_cluster.nebius_iam_service_account.node_account",
            "module.k8s_cluster.nebius_kubernetes_cluster.kube_cluster",
            "module.k8s_cluster.nebius_kubernetes_node_group.kube_node_groups",
            "module.k8s_cluster.nebius_resourcemanager_folder_iam_member.node_account",
            "module.k8s_cluster.nebius_resourcemanager_folder_iam_member.node_account_monitoring",
            "module.k8s_cluster.nebius_resourcemanager_folder_iam_member.sa_calico_network_policy_role",
            "module.k8s_cluster.nebius_resourcemanager_folder_iam_member.sa_cilium_network_policy_role",
            "module.k8s_cluster.nebius_resourcemanager_folder_iam_member.sa_logging_writer_role",
            "module.k8s_cluster.nebius_resourcemanager_folder_iam_member.sa_node_group_loadbalancer_role_admin",
            "module.k8s_cluster.nebius_resourcemanager_folder_iam_member.sa_node_group_public_role_admin",
            "module.k8s_cluster.nebius_resourcemanager_folder_iam_member.sa_public_loadbalancers_role",
            "module.k8s_cluster.nebius_vpc_security_group.k8s_custom_rules_sg",
            "module.k8s_cluster.nebius_vpc_security_group.k8s_main_sg",
            "module.k8s_cluster.nebius_vpc_security_group.k8s_master_whitelist_sg",
            "module.k8s_cluster.nebius_vpc_security_group.k8s_nodes_ssh_access_sg",
            "module.k8s_cluster.nebius_vpc_security_group_rule.egress_rules",
            "module.k8s_cluster.nebius_vpc_security_group_rule.ingress_rules",
            "module.k8s_cluster.random_string.unique_id",
            "nebius_compute_filesystem.filestores",
            "nebius_compute_gpu_cluster.this",
            "nebius_vpc_address.this",
            "nebius_vpc_gateway.this",
            "nebius_vpc_network.this",
            "nebius_vpc_route_table.this",
            "nebius_vpc_subnet.this",
            "null_resource.filestore_attachment"
          ]
        }
      ]
    },
    {
      "mode": "managed",
      "type": "helm_release",
      "name": "slurm_cluster_filestore",
      "provider": "provider[\"registry.terraform.io/hashicorp/helm\"]",
      "instances": [
        {
          "schema_version": 1,
          "attributes": {
            "atomic": false,
            "chart": "../../helm/slurm-cluster-filestore",
            "cleanup_on_fail": false,
            "create_namespace": true,
            "dependency_update": false,
            "description": null,
            "devel": null,
            "disable_crd_hooks": false,
            "disable_openapi_validation": false,
            "disable_webhooks": false,
            "force_update": false,
            "id": "slurm-cluster-filestore",
            "keyring": null,
            "lint": false,
            "manifest": null,
            "max_history": 0,
            "metadata": [
              {
                "app_version": "1.7.0-r42033",
                "chart": "slurm-cluster-filestore",
                "first_deployed": 1719605610,
                "last_deployed": 1719605610,
                "name": "slurm-cluster-filestore",
                "namespace": "slurm",
                "notes": "",
                "revision": 1,
                "values": "{\"nodeGroup\":{\"gpu\":{\"id\":\"f2m6gipn5rqnhgunbhpk\"},\"nonGpu\":{\"id\":\"f2mappabqokipo3372iq\"}},\"volume\":{\"controllerSpool\":{\"filestoreDeviceName\":\"controller-spool\",\"name\":\"controller-spool\",\"size\":\"30Gi\"},\"jail\":{\"filestoreDeviceName\":\"jail\",\"name\":\"jail\",\"size\":\"1500Gi\"},\"jailSubMounts\":[{\"filestoreDeviceName\":\"mlperf-sd\",\"name\":\"mlperf-sd\",\"size\":\"1500Gi\"}]}}",
                "version": "0.1.12"
              }
            ],
            "name": "slurm-cluster-filestore",
            "namespace": "slurm",
            "pass_credentials": false,
            "postrender": [],
            "recreate_pods": false,
            "render_subchart_notes": true,
            "replace": false,
            "repository": null,
            "repository_ca_file": null,
            "repository_cert_file": null,
            "repository_key_file": null,
            "repository_password": null,
            "repository_username": null,
            "reset_values": false,
            "reuse_values": false,
            "set": [],
            "set_list": [],
            "set_sensitive": [],
            "skip_crds": false,
            "status": "deployed",
            "timeout": 300,
            "values": [
              "volume:\n  jail:\n    name: \"jail\"\n    filestoreDeviceName: \"jail\"\n    size: \"1500Gi\"\n  controllerSpool:\n    name: \"controller-spool\"\n    filestoreDeviceName: \"controller-spool\"\n    size: \"30Gi\"\n  \n  jailSubMounts:\n    \n    - name: \"mlperf-sd\"\n      filestoreDeviceName: \"mlperf-sd\"\n      size: \"1500Gi\"\n    \n  \nnodeGroup:\n  gpu:\n    id: \"f2m6gipn5rqnhgunbhpk\"\n  nonGpu:\n    id: \"f2mappabqokipo3372iq\"\n"
            ],
            "verify": false,
            "version": "0.1.12",
            "wait": true,
            "wait_for_jobs": true
          },
          "sensitive_attributes": [
            [
              {
                "type": "get_attr",
                "value": "repository_password"
              }
            ]
          ],
          "private": "eyJzY2hlbWFfdmVyc2lvbiI6IjEifQ==",
          "dependencies": [
            "data.nebius_client_config.client",
            "data.nebius_kubernetes_node_group.gpu",
            "data.nebius_kubernetes_node_group.non_gpu",
            "module.k8s_cluster.data.nebius_client_config.client",
            "module.k8s_cluster.nebius_iam_service_account.master",
            "module.k8s_cluster.nebius_iam_service_account.node_account",
            "module.k8s_cluster.nebius_kubernetes_cluster.kube_cluster",
            "module.k8s_cluster.nebius_kubernetes_node_group.kube_node_groups",
            "module.k8s_cluster.nebius_resourcemanager_folder_iam_member.node_account",
            "module.k8s_cluster.nebius_resourcemanager_folder_iam_member.node_account_monitoring",
            "module.k8s_cluster.nebius_resourcemanager_folder_iam_member.sa_calico_network_policy_role",
            "module.k8s_cluster.nebius_resourcemanager_folder_iam_member.sa_cilium_network_policy_role",
            "module.k8s_cluster.nebius_resourcemanager_folder_iam_member.sa_logging_writer_role",
            "module.k8s_cluster.nebius_resourcemanager_folder_iam_member.sa_node_group_loadbalancer_role_admin",
            "module.k8s_cluster.nebius_resourcemanager_folder_iam_member.sa_node_group_public_role_admin",
            "module.k8s_cluster.nebius_resourcemanager_folder_iam_member.sa_public_loadbalancers_role",
            "module.k8s_cluster.nebius_vpc_security_group.k8s_custom_rules_sg",
            "module.k8s_cluster.nebius_vpc_security_group.k8s_main_sg",
            "module.k8s_cluster.nebius_vpc_security_group.k8s_master_whitelist_sg",
            "module.k8s_cluster.nebius_vpc_security_group.k8s_nodes_ssh_access_sg",
            "module.k8s_cluster.nebius_vpc_security_group_rule.egress_rules",
            "module.k8s_cluster.nebius_vpc_security_group_rule.ingress_rules",
            "module.k8s_cluster.random_string.unique_id",
            "nebius_compute_filesystem.filestores",
            "nebius_compute_gpu_cluster.this",
            "nebius_vpc_gateway.this",
            "nebius_vpc_network.this",
            "nebius_vpc_route_table.this",
            "nebius_vpc_subnet.this",
            "null_resource.filestore_attachment"
          ]
        }
      ]
    },
    {
      "mode": "managed",
      "type": "helm_release",
      "name": "slurm_operator",
      "provider": "provider[\"registry.terraform.io/hashicorp/helm\"]",
      "instances": [
        {
          "schema_version": 1,
          "attributes": {
            "atomic": false,
            "chart": "../../helm/slurm-operator",
            "cleanup_on_fail": false,
            "create_namespace": true,
            "dependency_update": false,
            "description": null,
            "devel": null,
            "disable_crd_hooks": false,
            "disable_openapi_validation": false,
            "disable_webhooks": false,
            "force_update": false,
            "id": "slurm-operator",
            "keyring": null,
            "lint": false,
            "manifest": null,
            "max_history": 0,
            "metadata": [
              {
                "app_version": "1.7.0-r42033",
                "chart": "slurm-operator",
                "first_deployed": 1719605575,
                "last_deployed": 1719605575,
                "name": "slurm-operator",
                "namespace": "slurm-operator",
                "notes": "",
                "revision": 1,
                "values": "{\"watchNamespaces\":\"*\"}",
                "version": "0.1.11"
              }
            ],
            "name": "slurm-operator",
            "namespace": "slurm-operator",
            "pass_credentials": false,
            "postrender": [],
            "recreate_pods": false,
            "render_subchart_notes": true,
            "replace": false,
            "repository": null,
            "repository_ca_file": null,
            "repository_cert_file": null,
            "repository_key_file": null,
            "repository_password": null,
            "repository_username": null,
            "reset_values": false,
            "reuse_values": false,
            "set": [
              {
                "name": "watchNamespaces",
                "type": "",
                "value": "*"
              }
            ],
            "set_list": [],
            "set_sensitive": [],
            "skip_crds": false,
            "status": "deployed",
            "timeout": 300,
            "values": null,
            "verify": false,
            "version": "0.1.11",
            "wait": true,
            "wait_for_jobs": false
          },
          "sensitive_attributes": [
            [
              {
                "type": "get_attr",
                "value": "repository_password"
              }
            ]
          ],
          "private": "eyJzY2hlbWFfdmVyc2lvbiI6IjEifQ==",
          "dependencies": [
            "data.nebius_client_config.client",
            "module.k8s_cluster.data.nebius_client_config.client",
            "module.k8s_cluster.nebius_iam_service_account.master",
            "module.k8s_cluster.nebius_iam_service_account.node_account",
            "module.k8s_cluster.nebius_kubernetes_cluster.kube_cluster",
            "module.k8s_cluster.nebius_kubernetes_node_group.kube_node_groups",
            "module.k8s_cluster.nebius_resourcemanager_folder_iam_member.node_account",
            "module.k8s_cluster.nebius_resourcemanager_folder_iam_member.node_account_monitoring",
            "module.k8s_cluster.nebius_resourcemanager_folder_iam_member.sa_calico_network_policy_role",
            "module.k8s_cluster.nebius_resourcemanager_folder_iam_member.sa_cilium_network_policy_role",
            "module.k8s_cluster.nebius_resourcemanager_folder_iam_member.sa_logging_writer_role",
            "module.k8s_cluster.nebius_resourcemanager_folder_iam_member.sa_node_group_loadbalancer_role_admin",
            "module.k8s_cluster.nebius_resourcemanager_folder_iam_member.sa_node_group_public_role_admin",
            "module.k8s_cluster.nebius_resourcemanager_folder_iam_member.sa_public_loadbalancers_role",
            "module.k8s_cluster.nebius_vpc_security_group.k8s_custom_rules_sg",
            "module.k8s_cluster.nebius_vpc_security_group.k8s_main_sg",
            "module.k8s_cluster.nebius_vpc_security_group.k8s_master_whitelist_sg",
            "module.k8s_cluster.nebius_vpc_security_group.k8s_nodes_ssh_access_sg",
            "module.k8s_cluster.nebius_vpc_security_group_rule.egress_rules",
            "module.k8s_cluster.nebius_vpc_security_group_rule.ingress_rules",
            "module.k8s_cluster.random_string.unique_id",
            "nebius_compute_gpu_cluster.this",
            "nebius_vpc_gateway.this",
            "nebius_vpc_network.this",
            "nebius_vpc_route_table.this",
            "nebius_vpc_subnet.this"
          ]
        }
      ]
    },
    {
      "mode": "managed",
      "type": "nebius_compute_filesystem",
      "name": "filestores",
      "provider": "provider[\"terraform-registry.storage.ai.nebius.cloud/nebius/nebius\"]",
      "instances": [
        {
          "index_key": "controller-spool",
          "schema_version": 0,
          "attributes": {
            "block_size": 32768,
            "created_at": "2024-06-28T19:59:42Z",
            "description": "",
            "folder_id": "bje82q7sm8njm3c4rrlq",
            "id": "dp7laaa62rkl7pupuhdh",
            "labels": {
              "slurm-filestore": "controller-spool"
            },
            "name": "k8s-slurm-dev-controller-spool-filestore",
            "size": 33,
            "status": "ready",
            "timeouts": null,
            "type": "network-ssd",
            "zone": "eu-north1-c"
          },
          "sensitive_attributes": [],
          "private": "eyJlMmJmYjczMC1lY2FhLTExZTYtOGY4OC0zNDM2M2JjN2M0YzAiOnsiY3JlYXRlIjozMDAwMDAwMDAwMDAsImRlbGV0ZSI6MzAwMDAwMDAwMDAwLCJ1cGRhdGUiOjMwMDAwMDAwMDAwMH19"
        },
        {
          "index_key": "jail",
          "schema_version": 0,
          "attributes": {
            "block_size": 32768,
            "created_at": "2024-06-28T19:59:42Z",
            "description": "",
            "folder_id": "bje82q7sm8njm3c4rrlq",
            "id": "dp7gr5s7kdivkigk87ed",
            "labels": {
              "slurm-filestore": "jail"
            },
            "name": "k8s-slurm-dev-jail-filestore",
            "size": 1611,
            "status": "ready",
            "timeouts": null,
            "type": "network-ssd",
            "zone": "eu-north1-c"
          },
          "sensitive_attributes": [],
          "private": "eyJlMmJmYjczMC1lY2FhLTExZTYtOGY4OC0zNDM2M2JjN2M0YzAiOnsiY3JlYXRlIjozMDAwMDAwMDAwMDAsImRlbGV0ZSI6MzAwMDAwMDAwMDAwLCJ1cGRhdGUiOjMwMDAwMDAwMDAwMH19"
        },
        {
          "index_key": "mlperf-sd",
          "schema_version": 0,
          "attributes": {
            "block_size": 32768,
            "created_at": "2024-06-28T19:59:42Z",
            "description": "",
            "folder_id": "bje82q7sm8njm3c4rrlq",
            "id": "dp76kuir8b22qdbhq9il",
            "labels": {
              "slurm-filestore": "mlperf-sd"
            },
            "name": "k8s-slurm-dev-mlperf-sd-filestore",
            "size": 1611,
            "status": "ready",
            "timeouts": null,
            "type": "network-ssd",
            "zone": "eu-north1-c"
          },
          "sensitive_attributes": [],
          "private": "eyJlMmJmYjczMC1lY2FhLTExZTYtOGY4OC0zNDM2M2JjN2M0YzAiOnsiY3JlYXRlIjozMDAwMDAwMDAwMDAsImRlbGV0ZSI6MzAwMDAwMDAwMDAwLCJ1cGRhdGUiOjMwMDAwMDAwMDAwMH19"
        }
      ]
    },
    {
      "mode": "managed",
      "type": "nebius_compute_gpu_cluster",
      "name": "this",
      "provider": "provider[\"terraform-registry.storage.ai.nebius.cloud/nebius/nebius\"]",
      "instances": [
        {
          "schema_version": 0,
          "attributes": {
            "created_at": "2024-06-28T19:59:42Z",
            "description": "",
            "folder_id": "bje82q7sm8njm3c4rrlq",
            "id": "dp7ufp4ijemjunnvdrq1",
            "interconnect_physical_cluster": "fabric-1",
            "interconnect_type": "infiniband",
            "labels": {},
            "name": "slurm-dev-gpus",
            "status": "ready",
            "timeouts": null,
            "zone": "eu-north1-c"
          },
          "sensitive_attributes": [],
          "private": "eyJlMmJmYjczMC1lY2FhLTExZTYtOGY4OC0zNDM2M2JjN2M0YzAiOnsiY3JlYXRlIjozMDAwMDAwMDAwMDAsImRlbGV0ZSI6MzAwMDAwMDAwMDAwLCJ1cGRhdGUiOjMwMDAwMDAwMDAwMH19"
        }
      ]
    },
    {
      "mode": "managed",
      "type": "nebius_vpc_address",
      "name": "this",
      "provider": "provider[\"terraform-registry.storage.ai.nebius.cloud/nebius/nebius\"]",
      "instances": [
        {
          "schema_version": 0,
          "attributes": {
            "created_at": "2024-06-28T19:59:43Z",
            "deletion_protection": false,
            "description": "",
            "external_ipv4_address": [
              {
                "address": "195.242.17.22",
                "ddos_protection_provider": "",
                "outgoing_smtp_capability": "",
                "zone_id": "eu-north1-c"
              }
            ],
            "folder_id": "bje82q7sm8njm3c4rrlq",
            "id": "f8ukshlaupfrbeaaoqi4",
            "labels": {},
            "name": "k8s-slurm-dev-slurm-address-subnet",
            "reserved": true,
            "timeouts": null,
            "used": false
          },
          "sensitive_attributes": [],
          "private": "eyJlMmJmYjczMC1lY2FhLTExZTYtOGY4OC0zNDM2M2JjN2M0YzAiOnsiY3JlYXRlIjozMDAwMDAwMDAwMCwiZGVsZXRlIjozMDAwMDAwMDAwMCwidXBkYXRlIjozMDAwMDAwMDAwMH19",
          "dependencies": [
            "nebius_vpc_gateway.this",
            "nebius_vpc_network.this",
            "nebius_vpc_route_table.this",
            "nebius_vpc_subnet.this"
          ]
        }
      ]
    },
    {
      "mode": "managed",
      "type": "nebius_vpc_gateway",
      "name": "this",
      "provider": "provider[\"terraform-registry.storage.ai.nebius.cloud/nebius/nebius\"]",
      "instances": [
        {
          "schema_version": 0,
          "attributes": {
            "created_at": "2024-06-28T19:59:42Z",
            "description": "",
            "folder_id": "bje82q7sm8njm3c4rrlq",
            "id": "btckq11c63c72p903tm3",
            "labels": {},
            "name": "k8s-slurm-dev-nat-gateway",
            "shared_egress_gateway": [
              {}
            ],
            "timeouts": null
          },
          "sensitive_attributes": [],
          "private": "eyJlMmJmYjczMC1lY2FhLTExZTYtOGY4OC0zNDM2M2JjN2M0YzAiOnsiY3JlYXRlIjo2MDAwMDAwMDAwMCwiZGVsZXRlIjo2MDAwMDAwMDAwMCwidXBkYXRlIjo2MDAwMDAwMDAwMH19"
        }
      ]
    },
    {
      "mode": "managed",
      "type": "nebius_vpc_network",
      "name": "this",
      "provider": "provider[\"terraform-registry.storage.ai.nebius.cloud/nebius/nebius\"]",
      "instances": [
        {
          "schema_version": 0,
          "attributes": {
            "created_at": "2024-06-28T19:59:42Z",
            "default_security_group_id": "btc0qfbt8v6988qcuo7e",
            "description": "",
            "folder_id": "bje82q7sm8njm3c4rrlq",
            "id": "btcn1qjb7omuuidhe566",
            "labels": {},
            "name": "k8s-slurm-dev-network",
            "subnet_ids": [
              "f8uj0d61jj57c4svfvgs"
            ],
            "timeouts": null
          },
          "sensitive_attributes": [],
          "private": "eyJlMmJmYjczMC1lY2FhLTExZTYtOGY4OC0zNDM2M2JjN2M0YzAiOnsiY3JlYXRlIjo2MDAwMDAwMDAwMCwiZGVsZXRlIjo2MDAwMDAwMDAwMCwidXBkYXRlIjo2MDAwMDAwMDAwMH19"
        }
      ]
    },
    {
      "mode": "managed",
      "type": "nebius_vpc_route_table",
      "name": "this",
      "provider": "provider[\"terraform-registry.storage.ai.nebius.cloud/nebius/nebius\"]",
      "instances": [
        {
          "schema_version": 0,
          "attributes": {
            "created_at": "2024-06-28T19:59:43Z",
            "description": "",
            "folder_id": "bje82q7sm8njm3c4rrlq",
            "id": "btciinlaja7qred1784t",
            "labels": {},
            "name": "k8s-slurm-dev-route-table",
            "network_id": "btcn1qjb7omuuidhe566",
            "static_route": [
              {
                "destination_prefix": "0.0.0.0/0",
                "gateway_id": "btckq11c63c72p903tm3",
                "next_hop_address": ""
              }
            ],
            "timeouts": null
          },
          "sensitive_attributes": [],
          "private": "eyJlMmJmYjczMC1lY2FhLTExZTYtOGY4OC0zNDM2M2JjN2M0YzAiOnsiY3JlYXRlIjoxODAwMDAwMDAwMDAsImRlbGV0ZSI6MTgwMDAwMDAwMDAwLCJ1cGRhdGUiOjE4MDAwMDAwMDAwMH19",
          "dependencies": [
            "nebius_vpc_gateway.this",
            "nebius_vpc_network.this"
          ]
        }
      ]
    },
    {
      "mode": "managed",
      "type": "nebius_vpc_subnet",
      "name": "this",
      "provider": "provider[\"terraform-registry.storage.ai.nebius.cloud/nebius/nebius\"]",
      "instances": [
        {
          "schema_version": 0,
          "attributes": {
            "created_at": "2024-06-28T19:59:43Z",
            "description": "",
            "dhcp_options": [],
            "folder_id": "bje82q7sm8njm3c4rrlq",
            "id": "f8uj0d61jj57c4svfvgs",
            "labels": {},
            "name": "k8s-slurm-dev-subnet",
            "network_id": "btcn1qjb7omuuidhe566",
            "route_table_id": "btciinlaja7qred1784t",
            "timeouts": null,
            "v4_cidr_blocks": [
              "192.168.10.0/24"
            ],
            "v6_cidr_blocks": [],
            "zone": "eu-north1-c"
          },
          "sensitive_attributes": [],
          "private": "eyJlMmJmYjczMC1lY2FhLTExZTYtOGY4OC0zNDM2M2JjN2M0YzAiOnsiY3JlYXRlIjoxODAwMDAwMDAwMDAsImRlbGV0ZSI6MTgwMDAwMDAwMDAwLCJ1cGRhdGUiOjE4MDAwMDAwMDAwMH19",
          "dependencies": [
            "nebius_vpc_gateway.this",
            "nebius_vpc_network.this",
            "nebius_vpc_route_table.this"
          ]
        }
      ]
    },
    {
      "mode": "managed",
      "type": "null_resource",
      "name": "entrypoint",
      "provider": "provider[\"registry.terraform.io/hashicorp/null\"]",
      "instances": [
        {
          "schema_version": 0,
          "attributes": {
            "id": "3877472602097395170",
            "triggers": null
          },
          "sensitive_attributes": [],
          "dependencies": [
            "data.nebius_client_config.client",
            "data.nebius_kubernetes_node_group.gpu",
            "data.nebius_kubernetes_node_group.non_gpu",
            "helm_release.k8s_cluster_operator_gpu",
            "helm_release.k8s_cluster_operator_network",
            "helm_release.slurm_cluster",
            "helm_release.slurm_cluster_filestore",
            "helm_release.slurm_operator",
            "module.k8s_cluster.data.nebius_client_config.client",
            "module.k8s_cluster.nebius_iam_service_account.master",
            "module.k8s_cluster.nebius_iam_service_account.node_account",
            "module.k8s_cluster.nebius_kubernetes_cluster.kube_cluster",
            "module.k8s_cluster.nebius_kubernetes_node_group.kube_node_groups",
            "module.k8s_cluster.nebius_resourcemanager_folder_iam_member.node_account",
            "module.k8s_cluster.nebius_resourcemanager_folder_iam_member.node_account_monitoring",
            "module.k8s_cluster.nebius_resourcemanager_folder_iam_member.sa_calico_network_policy_role",
            "module.k8s_cluster.nebius_resourcemanager_folder_iam_member.sa_cilium_network_policy_role",
            "module.k8s_cluster.nebius_resourcemanager_folder_iam_member.sa_logging_writer_role",
            "module.k8s_cluster.nebius_resourcemanager_folder_iam_member.sa_node_group_loadbalancer_role_admin",
            "module.k8s_cluster.nebius_resourcemanager_folder_iam_member.sa_node_group_public_role_admin",
            "module.k8s_cluster.nebius_resourcemanager_folder_iam_member.sa_public_loadbalancers_role",
            "module.k8s_cluster.nebius_vpc_security_group.k8s_custom_rules_sg",
            "module.k8s_cluster.nebius_vpc_security_group.k8s_main_sg",
            "module.k8s_cluster.nebius_vpc_security_group.k8s_master_whitelist_sg",
            "module.k8s_cluster.nebius_vpc_security_group.k8s_nodes_ssh_access_sg",
            "module.k8s_cluster.nebius_vpc_security_group_rule.egress_rules",
            "module.k8s_cluster.nebius_vpc_security_group_rule.ingress_rules",
            "module.k8s_cluster.random_string.unique_id",
            "nebius_compute_filesystem.filestores",
            "nebius_compute_gpu_cluster.this",
            "nebius_vpc_address.this",
            "nebius_vpc_gateway.this",
            "nebius_vpc_network.this",
            "nebius_vpc_route_table.this",
            "nebius_vpc_subnet.this",
            "null_resource.filestore_attachment"
          ]
        }
      ]
    },
    {
      "mode": "managed",
      "type": "null_resource",
      "name": "filestore_attachment",
      "provider": "provider[\"registry.terraform.io/hashicorp/null\"]",
      "instances": [
        {
          "index_key": "controller-spool",
          "schema_version": 0,
          "attributes": {
            "id": "163210404502033813",
            "triggers": null
          },
          "sensitive_attributes": [],
          "dependencies": [
            "module.k8s_cluster.data.nebius_client_config.client",
            "module.k8s_cluster.nebius_iam_service_account.master",
            "module.k8s_cluster.nebius_iam_service_account.node_account",
            "module.k8s_cluster.nebius_kubernetes_cluster.kube_cluster",
            "module.k8s_cluster.nebius_kubernetes_node_group.kube_node_groups",
            "module.k8s_cluster.nebius_resourcemanager_folder_iam_member.node_account",
            "module.k8s_cluster.nebius_resourcemanager_folder_iam_member.node_account_monitoring",
            "module.k8s_cluster.nebius_resourcemanager_folder_iam_member.sa_calico_network_policy_role",
            "module.k8s_cluster.nebius_resourcemanager_folder_iam_member.sa_cilium_network_policy_role",
            "module.k8s_cluster.nebius_resourcemanager_folder_iam_member.sa_logging_writer_role",
            "module.k8s_cluster.nebius_resourcemanager_folder_iam_member.sa_node_group_loadbalancer_role_admin",
            "module.k8s_cluster.nebius_resourcemanager_folder_iam_member.sa_node_group_public_role_admin",
            "module.k8s_cluster.nebius_resourcemanager_folder_iam_member.sa_public_loadbalancers_role",
            "module.k8s_cluster.nebius_vpc_security_group.k8s_custom_rules_sg",
            "module.k8s_cluster.nebius_vpc_security_group.k8s_main_sg",
            "module.k8s_cluster.nebius_vpc_security_group.k8s_master_whitelist_sg",
            "module.k8s_cluster.nebius_vpc_security_group.k8s_nodes_ssh_access_sg",
            "module.k8s_cluster.nebius_vpc_security_group_rule.egress_rules",
            "module.k8s_cluster.nebius_vpc_security_group_rule.ingress_rules",
            "module.k8s_cluster.random_string.unique_id",
            "nebius_compute_filesystem.filestores",
            "nebius_compute_gpu_cluster.this",
            "nebius_vpc_gateway.this",
            "nebius_vpc_network.this",
            "nebius_vpc_route_table.this",
            "nebius_vpc_subnet.this"
          ]
        },
        {
          "index_key": "jail",
          "schema_version": 0,
          "attributes": {
            "id": "2479856930747131974",
            "triggers": null
          },
          "sensitive_attributes": [],
          "dependencies": [
            "module.k8s_cluster.data.nebius_client_config.client",
            "module.k8s_cluster.nebius_iam_service_account.master",
            "module.k8s_cluster.nebius_iam_service_account.node_account",
            "module.k8s_cluster.nebius_kubernetes_cluster.kube_cluster",
            "module.k8s_cluster.nebius_kubernetes_node_group.kube_node_groups",
            "module.k8s_cluster.nebius_resourcemanager_folder_iam_member.node_account",
            "module.k8s_cluster.nebius_resourcemanager_folder_iam_member.node_account_monitoring",
            "module.k8s_cluster.nebius_resourcemanager_folder_iam_member.sa_calico_network_policy_role",
            "module.k8s_cluster.nebius_resourcemanager_folder_iam_member.sa_cilium_network_policy_role",
            "module.k8s_cluster.nebius_resourcemanager_folder_iam_member.sa_logging_writer_role",
            "module.k8s_cluster.nebius_resourcemanager_folder_iam_member.sa_node_group_loadbalancer_role_admin",
            "module.k8s_cluster.nebius_resourcemanager_folder_iam_member.sa_node_group_public_role_admin",
            "module.k8s_cluster.nebius_resourcemanager_folder_iam_member.sa_public_loadbalancers_role",
            "module.k8s_cluster.nebius_vpc_security_group.k8s_custom_rules_sg",
            "module.k8s_cluster.nebius_vpc_security_group.k8s_main_sg",
            "module.k8s_cluster.nebius_vpc_security_group.k8s_master_whitelist_sg",
            "module.k8s_cluster.nebius_vpc_security_group.k8s_nodes_ssh_access_sg",
            "module.k8s_cluster.nebius_vpc_security_group_rule.egress_rules",
            "module.k8s_cluster.nebius_vpc_security_group_rule.ingress_rules",
            "module.k8s_cluster.random_string.unique_id",
            "nebius_compute_filesystem.filestores",
            "nebius_compute_gpu_cluster.this",
            "nebius_vpc_gateway.this",
            "nebius_vpc_network.this",
            "nebius_vpc_route_table.this",
            "nebius_vpc_subnet.this"
          ]
        },
        {
          "index_key": "mlperf-sd",
          "schema_version": 0,
          "attributes": {
            "id": "1175707755437135421",
            "triggers": null
          },
          "sensitive_attributes": [],
          "dependencies": [
            "module.k8s_cluster.data.nebius_client_config.client",
            "module.k8s_cluster.nebius_iam_service_account.master",
            "module.k8s_cluster.nebius_iam_service_account.node_account",
            "module.k8s_cluster.nebius_kubernetes_cluster.kube_cluster",
            "module.k8s_cluster.nebius_kubernetes_node_group.kube_node_groups",
            "module.k8s_cluster.nebius_resourcemanager_folder_iam_member.node_account",
            "module.k8s_cluster.nebius_resourcemanager_folder_iam_member.node_account_monitoring",
            "module.k8s_cluster.nebius_resourcemanager_folder_iam_member.sa_calico_network_policy_role",
            "module.k8s_cluster.nebius_resourcemanager_folder_iam_member.sa_cilium_network_policy_role",
            "module.k8s_cluster.nebius_resourcemanager_folder_iam_member.sa_logging_writer_role",
            "module.k8s_cluster.nebius_resourcemanager_folder_iam_member.sa_node_group_loadbalancer_role_admin",
            "module.k8s_cluster.nebius_resourcemanager_folder_iam_member.sa_node_group_public_role_admin",
            "module.k8s_cluster.nebius_resourcemanager_folder_iam_member.sa_public_loadbalancers_role",
            "module.k8s_cluster.nebius_vpc_security_group.k8s_custom_rules_sg",
            "module.k8s_cluster.nebius_vpc_security_group.k8s_main_sg",
            "module.k8s_cluster.nebius_vpc_security_group.k8s_master_whitelist_sg",
            "module.k8s_cluster.nebius_vpc_security_group.k8s_nodes_ssh_access_sg",
            "module.k8s_cluster.nebius_vpc_security_group_rule.egress_rules",
            "module.k8s_cluster.nebius_vpc_security_group_rule.ingress_rules",
            "module.k8s_cluster.random_string.unique_id",
            "nebius_compute_filesystem.filestores",
            "nebius_compute_gpu_cluster.this",
            "nebius_vpc_gateway.this",
            "nebius_vpc_network.this",
            "nebius_vpc_route_table.this",
            "nebius_vpc_subnet.this"
          ]
        }
      ]
    },
    {
      "module": "module.k8s_cluster",
      "mode": "managed",
      "type": "nebius_iam_service_account",
      "name": "master",
      "provider": "provider[\"terraform-registry.storage.ai.nebius.cloud/nebius/nebius\"]",
      "instances": [
        {
          "schema_version": 0,
          "attributes": {
            "created_at": "2024-06-28T19:59:43Z",
            "description": "",
            "folder_id": "bje82q7sm8njm3c4rrlq",
            "id": "ee8jsmrbc5gbutp0eu0q",
            "name": "k8s-service-account-5m1bet2l",
            "timeouts": null
          },
          "sensitive_attributes": [],
          "private": "eyJlMmJmYjczMC1lY2FhLTExZTYtOGY4OC0zNDM2M2JjN2M0YzAiOnsiY3JlYXRlIjo2MDAwMDAwMDAwMCwiZGVsZXRlIjo2MDAwMDAwMDAwMCwidXBkYXRlIjo2MDAwMDAwMDAwMH19",
          "dependencies": [
            "module.k8s_cluster.data.nebius_client_config.client",
            "module.k8s_cluster.random_string.unique_id",
            "nebius_compute_gpu_cluster.this",
            "nebius_vpc_gateway.this",
            "nebius_vpc_network.this",
            "nebius_vpc_route_table.this",
            "nebius_vpc_subnet.this"
          ]
        }
      ]
    },
    {
      "module": "module.k8s_cluster",
      "mode": "managed",
      "type": "nebius_iam_service_account",
      "name": "node_account",
      "provider": "provider[\"terraform-registry.storage.ai.nebius.cloud/nebius/nebius\"]",
      "instances": [
        {
          "schema_version": 0,
          "attributes": {
            "created_at": "2024-06-28T19:59:46Z",
            "description": "",
            "folder_id": "bje82q7sm8njm3c4rrlq",
            "id": "ee8jsmrbc594r7sq30lh",
            "name": "k8s-node-account-5m1bet2l",
            "timeouts": null
          },
          "sensitive_attributes": [],
          "private": "eyJlMmJmYjczMC1lY2FhLTExZTYtOGY4OC0zNDM2M2JjN2M0YzAiOnsiY3JlYXRlIjo2MDAwMDAwMDAwMCwiZGVsZXRlIjo2MDAwMDAwMDAwMCwidXBkYXRlIjo2MDAwMDAwMDAwMH19",
          "dependencies": [
            "module.k8s_cluster.data.nebius_client_config.client",
            "module.k8s_cluster.random_string.unique_id",
            "nebius_compute_gpu_cluster.this",
            "nebius_vpc_gateway.this",
            "nebius_vpc_network.this",
            "nebius_vpc_route_table.this",
            "nebius_vpc_subnet.this"
          ]
        }
      ]
    },
    {
      "module": "module.k8s_cluster",
      "mode": "managed",
      "type": "nebius_kubernetes_cluster",
      "name": "kube_cluster",
      "provider": "provider[\"terraform-registry.storage.ai.nebius.cloud/nebius/nebius\"]",
      "instances": [
        {
          "schema_version": 0,
          "attributes": {
            "cluster_ipv4_range": "172.17.0.0/16",
            "cluster_ipv6_range": "",
            "created_at": "2024-06-28T19:59:51Z",
            "description": "Nebius Managed K8S cluster",
            "folder_id": "bje82q7sm8njm3c4rrlq",
            "health": "healthy",
            "id": "f2mep45ptr93h1pjl6lr",
            "kms_provider": [],
            "labels": {},
            "log_group_id": "",
            "master": [
              {
                "cluster_ca_certificate": "-----BEGIN CERTIFICATE-----\nMIIC5zCCAc+gAwIBAgIBADANBgkqhkiG9w0BAQsFADAVMRMwEQYDVQQDEwprdWJl\ncm5ldGVzMB4XDTI0MDYyODE5NTk1MloXDTM0MDYyNjE5NTk1MlowFTETMBEGA1UE\nAxMKa3ViZXJuZXRlczCCASIwDQYJKoZIhvcNAQEBBQADggEPADCCAQoCggEBAN+C\nYOchoMeqmXDTXJ2orMlLRoewCAdU+4OtIvPzp6X7DvO3aT0cw7rJEs1Mlu8bbqhg\nvWZ2fQKOeyjYO4Du/tmzMwd3Y/t3cum2HJIIMr3CN/ZHQlMfC3qsXsCheBCjpIHx\nXF4W/CBwAgqqnnw8+Jfgy0vOnmwTd8SnlEm3r6EF+LdqTfCtUqADYgPJ2I8eC4Q/\nVUe825tgKbI1Uod2d/BJWGgUryIZCmUEeENykQpq0ca+nPzTwwjDnyatsXBwA50E\nYuHVY51/z4yX8JxOXGThRgu9DJ84g4t5hCCCdxS09nVULHX5dsCuj1efzlk2861G\np/ewV9bc10USnhO95VUCAwEAAaNCMEAwDgYDVR0PAQH/BAQDAgKkMA8GA1UdEwEB\n/wQFMAMBAf8wHQYDVR0OBBYEFAgUd+Jg6tLvCuGLUve8t9uKjqzIMA0GCSqGSIb3\nDQEBCwUAA4IBAQA5kxAy+RJnwl0/HJCS8WbkpVFnmRqgnS0WsL+DNU1hxOy+cGaT\nyPfoDjlPGdtUHBK3oDUkStEAJa36Y67PFTpCV9ugL5kh7Rzu0/0gfIJooACxGvBM\n06o1Lx16ZnoWItd262MdDOSwa6ceqbtkQEjzYEpt2ADUnpbhUJBv0UwmoQ6kYgfV\nzfEChzJ6rxDQIqUHWazHfdEoPG6r2O46tU2qR5NAMulHiwynPrZ9Ux/EoXHMwoW5\nvqfuupg4M48mZIh+tdHx7b2vqWb7sx2D4s5JIo2273VGZoQm1CZvkoelNoS2u+X4\n3O6s4ht7lZw0/jwsnMlFF5FnGg6xPDofIxbA\n-----END CERTIFICATE-----\n",
                "etcd_cluster_size": 1,
                "external_v4_address": "195.242.16.204",
                "external_v4_endpoint": "https://195.242.16.204",
                "external_v6_address": "",
                "external_v6_endpoint": "",
                "internal_v4_address": "192.168.10.25",
                "internal_v4_endpoint": "https://192.168.10.25",
                "maintenance_policy": [
                  {
                    "auto_upgrade": true,
                    "maintenance_window": [
                      {
                        "day": "monday",
                        "duration": "3h0m0s",
                        "start_time": "20:00:00.000000000"
                      }
                    ]
                  }
                ],
                "master_location": [
                  {
                    "subnet_id": "f8uj0d61jj57c4svfvgs",
                    "zone": "eu-north1-c"
                  }
                ],
                "public_ip": true,
                "regional": [],
                "security_group_ids": [
                  "btc3uv27t9016fbosk82",
                  "btcn5rbo0s0nn3in4cn0",
                  "btcu2i4tnaubvd6hsphr"
                ],
                "version": "1.28",
                "version_info": [
                  {
                    "current_version": "1.28",
                    "new_revision_available": false,
                    "new_revision_summary": "",
                    "version_deprecated": false
                  }
                ],
                "zonal": [
                  {
                    "subnet_id": "f8uj0d61jj57c4svfvgs",
                    "zone": "eu-north1-c"
                  }
                ]
              }
            ],
            "name": "slurm-dev-5m1bet2l",
            "network_id": "btcn1qjb7omuuidhe566",
            "network_implementation": [
              {
                "cilium": [
                  {}
                ]
              }
            ],
            "network_policy_provider": null,
            "node_ipv4_cidr_mask_size": 24,
            "node_service_account_id": "ee8jsmrbc594r7sq30lh",
            "release_channel": "REGULAR",
            "service_account_id": "ee8jsmrbc5gbutp0eu0q",
            "service_ipv4_range": "172.18.0.0/16",
            "service_ipv6_range": "",
            "status": "running",
            "timeouts": {
              "create": "60m",
              "delete": "60m",
              "read": null,
              "update": "60m"
            }
          },
          "sensitive_attributes": [],
          "private": "eyJlMmJmYjczMC1lY2FhLTExZTYtOGY4OC0zNDM2M2JjN2M0YzAiOnsiY3JlYXRlIjozNjAwMDAwMDAwMDAwLCJkZWxldGUiOjM2MDAwMDAwMDAwMDAsInJlYWQiOjMwMDAwMDAwMDAwMCwidXBkYXRlIjozNjAwMDAwMDAwMDAwfX0=",
          "dependencies": [
            "module.k8s_cluster.data.nebius_client_config.client",
            "module.k8s_cluster.nebius_iam_service_account.master",
            "module.k8s_cluster.nebius_iam_service_account.node_account",
            "module.k8s_cluster.nebius_resourcemanager_folder_iam_member.node_account",
            "module.k8s_cluster.nebius_resourcemanager_folder_iam_member.sa_calico_network_policy_role",
            "module.k8s_cluster.nebius_resourcemanager_folder_iam_member.sa_cilium_network_policy_role",
            "module.k8s_cluster.nebius_resourcemanager_folder_iam_member.sa_logging_writer_role",
            "module.k8s_cluster.nebius_resourcemanager_folder_iam_member.sa_node_group_loadbalancer_role_admin",
            "module.k8s_cluster.nebius_resourcemanager_folder_iam_member.sa_node_group_public_role_admin",
            "module.k8s_cluster.nebius_resourcemanager_folder_iam_member.sa_public_loadbalancers_role",
            "module.k8s_cluster.nebius_vpc_security_group.k8s_custom_rules_sg",
            "module.k8s_cluster.nebius_vpc_security_group.k8s_main_sg",
            "module.k8s_cluster.nebius_vpc_security_group.k8s_master_whitelist_sg",
            "module.k8s_cluster.nebius_vpc_security_group.k8s_nodes_ssh_access_sg",
            "module.k8s_cluster.random_string.unique_id",
            "nebius_compute_gpu_cluster.this",
            "nebius_vpc_gateway.this",
            "nebius_vpc_network.this",
            "nebius_vpc_route_table.this",
            "nebius_vpc_subnet.this"
          ]
        }
      ]
    },
    {
      "module": "module.k8s_cluster",
      "mode": "managed",
      "type": "nebius_kubernetes_node_group",
      "name": "kube_node_groups",
      "provider": "provider[\"terraform-registry.storage.ai.nebius.cloud/nebius/nebius\"]",
      "instances": [
        {
          "index_key": "k8s-ng-h100-8gpu",
          "schema_version": 0,
          "attributes": {
            "allocation_policy": [
              {
                "location": [
                  {
                    "subnet_id": "f8uj0d61jj57c4svfvgs",
                    "zone": "eu-north1-c"
                  }
                ]
              }
            ],
            "allowed_unsafe_sysctls": [],
            "cluster_id": "f2mep45ptr93h1pjl6lr",
            "created_at": "2024-06-28T20:06:24Z",
            "deploy_policy": [
              {
                "max_expansion": 3,
                "max_unavailable": 0
              }
            ],
            "description": "k8s node group with Nvidia h100-8-gpu nodes with autoscaling",
            "id": "f2m6gipn5rqnhgunbhpk",
            "instance_group_id": "a4hpb7bkhl3og5qb9c6a",
            "instance_template": [
              {
                "boot_disk": [
                  {
                    "size": 128,
                    "type": "network-ssd"
                  }
                ],
                "container_network": [
                  {
                    "pod_mtu": 0
                  }
                ],
                "container_runtime": [
                  {
                    "type": "containerd"
                  }
                ],
                "gpu_settings": [
                  {
                    "gpu_cluster_id": "dp7ufp4ijemjunnvdrq1",
                    "gpu_environment": "runc"
                  }
                ],
                "labels": {},
                "metadata": {},
                "name": "",
                "nat": false,
                "network_acceleration_type": "standard",
                "network_interface": [
                  {
                    "ipv4": true,
                    "ipv4_dns_records": [],
                    "ipv6": false,
                    "ipv6_dns_records": [],
                    "nat": false,
                    "security_group_ids": [
                      "btc3uv27t9016fbosk82",
                      "btcn5rbo0s0nn3in4cn0",
                      "btcu2i4tnaubvd6hsphr"
                    ],
                    "subnet_ids": [
                      "f8uj0d61jj57c4svfvgs"
                    ]
                  }
                ],
                "placement_policy": [],
                "platform_id": "gpu-h100",
                "resources": [
                  {
                    "core_fraction": 100,
                    "cores": 160,
                    "gpus": 8,
                    "memory": 1280
                  }
                ],
                "scheduling_policy": [
                  {
                    "preemptible": false
                  }
                ]
              }
            ],
            "labels": {},
            "maintenance_policy": [
              {
                "auto_repair": true,
                "auto_upgrade": true,
                "maintenance_window": [
                  {
                    "day": "monday",
                    "duration": "3h0m0s",
                    "start_time": "20:00:00.000000000"
                  }
                ]
              }
            ],
            "name": "k8s-ng-h100-8gpu",
            "node_labels": {
              "cloud.google.com/gke-accelerator": "nvidia-h100-80gb",
              "driver.config": "535",
              "nebius.com/group-name": "k8s-ng-h100-8gpu"
            },
            "node_taints": [
              "nvidia.com/gpu=:NoSchedule"
            ],
            "scale_policy": [
              {
                "auto_scale": [],
                "fixed_scale": [
                  {
                    "size": 2
                  }
                ]
              }
            ],
            "status": "running",
            "timeouts": null,
            "version": "1.28",
            "version_info": [
              {
                "current_version": "1.28",
                "new_revision_available": false,
                "new_revision_summary": "",
                "version_deprecated": false
              }
            ]
          },
          "sensitive_attributes": [],
          "private": "eyJlMmJmYjczMC1lY2FhLTExZTYtOGY4OC0zNDM2M2JjN2M0YzAiOnsiY3JlYXRlIjozNjAwMDAwMDAwMDAwLCJkZWxldGUiOjEyMDAwMDAwMDAwMDAsInJlYWQiOjYwMDAwMDAwMDAwMCwidXBkYXRlIjozNjAwMDAwMDAwMDAwfX0=",
          "dependencies": [
            "module.k8s_cluster.data.nebius_client_config.client",
            "module.k8s_cluster.nebius_iam_service_account.master",
            "module.k8s_cluster.nebius_iam_service_account.node_account",
            "module.k8s_cluster.nebius_kubernetes_cluster.kube_cluster",
            "module.k8s_cluster.nebius_resourcemanager_folder_iam_member.node_account",
            "module.k8s_cluster.nebius_resourcemanager_folder_iam_member.sa_calico_network_policy_role",
            "module.k8s_cluster.nebius_resourcemanager_folder_iam_member.sa_cilium_network_policy_role",
            "module.k8s_cluster.nebius_resourcemanager_folder_iam_member.sa_logging_writer_role",
            "module.k8s_cluster.nebius_resourcemanager_folder_iam_member.sa_node_group_loadbalancer_role_admin",
            "module.k8s_cluster.nebius_resourcemanager_folder_iam_member.sa_node_group_public_role_admin",
            "module.k8s_cluster.nebius_resourcemanager_folder_iam_member.sa_public_loadbalancers_role",
            "module.k8s_cluster.nebius_vpc_security_group.k8s_custom_rules_sg",
            "module.k8s_cluster.nebius_vpc_security_group.k8s_main_sg",
            "module.k8s_cluster.nebius_vpc_security_group.k8s_master_whitelist_sg",
            "module.k8s_cluster.nebius_vpc_security_group.k8s_nodes_ssh_access_sg",
            "module.k8s_cluster.random_string.unique_id",
            "nebius_compute_gpu_cluster.this",
            "nebius_vpc_gateway.this",
            "nebius_vpc_network.this",
            "nebius_vpc_route_table.this",
            "nebius_vpc_subnet.this"
          ]
        },
        {
          "index_key": "k8s-ng-non-gpu",
          "schema_version": 0,
          "attributes": {
            "allocation_policy": [
              {
                "location": [
                  {
                    "subnet_id": "f8uj0d61jj57c4svfvgs",
                    "zone": "eu-north1-c"
                  }
                ]
              }
            ],
            "allowed_unsafe_sysctls": [],
            "cluster_id": "f2mep45ptr93h1pjl6lr",
            "created_at": "2024-06-28T20:06:24Z",
            "deploy_policy": [
              {
                "max_expansion": 3,
                "max_unavailable": 0
              }
            ],
            "description": "k8s node group without GPUs.",
            "id": "f2mappabqokipo3372iq",
            "instance_group_id": "a4h7vk0pgnkjvu9mhpt2",
            "instance_template": [
              {
                "boot_disk": [
                  {
                    "size": 128,
                    "type": "network-ssd"
                  }
                ],
                "container_network": [
                  {
                    "pod_mtu": 0
                  }
                ],
                "container_runtime": [
                  {
                    "type": "containerd"
                  }
                ],
                "gpu_settings": [],
                "labels": {},
                "metadata": {},
                "name": "",
                "nat": false,
                "network_acceleration_type": "standard",
                "network_interface": [
                  {
                    "ipv4": true,
                    "ipv4_dns_records": [],
                    "ipv6": false,
                    "ipv6_dns_records": [],
                    "nat": false,
                    "security_group_ids": [
                      "btc3uv27t9016fbosk82",
                      "btcn5rbo0s0nn3in4cn0",
                      "btcu2i4tnaubvd6hsphr"
                    ],
                    "subnet_ids": [
                      "f8uj0d61jj57c4svfvgs"
                    ]
                  }
                ],
                "placement_policy": [],
                "platform_id": "standard-v2",
                "resources": [
                  {
                    "core_fraction": 100,
                    "cores": 8,
                    "gpus": 0,
                    "memory": 32
                  }
                ],
                "scheduling_policy": [
                  {
                    "preemptible": false
                  }
                ]
              }
            ],
            "labels": {},
            "maintenance_policy": [
              {
                "auto_repair": true,
                "auto_upgrade": true,
                "maintenance_window": [
                  {
                    "day": "monday",
                    "duration": "3h0m0s",
                    "start_time": "20:00:00.000000000"
                  }
                ]
              }
            ],
            "name": "k8s-ng-non-gpu",
            "node_labels": {
              "nebius.com/group-name": "k8s-ng-non-gpu"
            },
            "node_taints": [],
            "scale_policy": [
              {
                "auto_scale": [],
                "fixed_scale": [
                  {
                    "size": 2
                  }
                ]
              }
            ],
            "status": "running",
            "timeouts": null,
            "version": "1.28",
            "version_info": [
              {
                "current_version": "1.28",
                "new_revision_available": false,
                "new_revision_summary": "",
                "version_deprecated": false
              }
            ]
          },
          "sensitive_attributes": [],
          "private": "eyJlMmJmYjczMC1lY2FhLTExZTYtOGY4OC0zNDM2M2JjN2M0YzAiOnsiY3JlYXRlIjozNjAwMDAwMDAwMDAwLCJkZWxldGUiOjEyMDAwMDAwMDAwMDAsInJlYWQiOjYwMDAwMDAwMDAwMCwidXBkYXRlIjozNjAwMDAwMDAwMDAwfX0=",
          "dependencies": [
            "module.k8s_cluster.data.nebius_client_config.client",
            "module.k8s_cluster.nebius_iam_service_account.master",
            "module.k8s_cluster.nebius_iam_service_account.node_account",
            "module.k8s_cluster.nebius_kubernetes_cluster.kube_cluster",
            "module.k8s_cluster.nebius_resourcemanager_folder_iam_member.node_account",
            "module.k8s_cluster.nebius_resourcemanager_folder_iam_member.sa_calico_network_policy_role",
            "module.k8s_cluster.nebius_resourcemanager_folder_iam_member.sa_cilium_network_policy_role",
            "module.k8s_cluster.nebius_resourcemanager_folder_iam_member.sa_logging_writer_role",
            "module.k8s_cluster.nebius_resourcemanager_folder_iam_member.sa_node_group_loadbalancer_role_admin",
            "module.k8s_cluster.nebius_resourcemanager_folder_iam_member.sa_node_group_public_role_admin",
            "module.k8s_cluster.nebius_resourcemanager_folder_iam_member.sa_public_loadbalancers_role",
            "module.k8s_cluster.nebius_vpc_security_group.k8s_custom_rules_sg",
            "module.k8s_cluster.nebius_vpc_security_group.k8s_main_sg",
            "module.k8s_cluster.nebius_vpc_security_group.k8s_master_whitelist_sg",
            "module.k8s_cluster.nebius_vpc_security_group.k8s_nodes_ssh_access_sg",
            "module.k8s_cluster.random_string.unique_id",
            "nebius_compute_gpu_cluster.this",
            "nebius_vpc_gateway.this",
            "nebius_vpc_network.this",
            "nebius_vpc_route_table.this",
            "nebius_vpc_subnet.this"
          ]
        }
      ]
    },
    {
      "module": "module.k8s_cluster",
      "mode": "managed",
      "type": "nebius_resourcemanager_folder_iam_member",
      "name": "node_account",
      "provider": "provider[\"terraform-registry.storage.ai.nebius.cloud/nebius/nebius\"]",
      "instances": [
        {
          "schema_version": 0,
          "attributes": {
            "folder_id": "bje82q7sm8njm3c4rrlq",
            "id": "bje82q7sm8njm3c4rrlq/container-registry.images.puller/serviceAccount:ee8jsmrbc594r7sq30lh",
            "member": "serviceAccount:ee8jsmrbc594r7sq30lh",
            "role": "container-registry.images.puller",
            "sleep_after": null,
            "timeouts": null
          },
          "sensitive_attributes": [],
          "private": "eyJlMmJmYjczMC1lY2FhLTExZTYtOGY4OC0zNDM2M2JjN2M0YzAiOnsiY3JlYXRlIjo2MDAwMDAwMDAwMCwiZGVmYXVsdCI6NjAwMDAwMDAwMDAsImRlbGV0ZSI6NjAwMDAwMDAwMDAsInJlYWQiOjYwMDAwMDAwMDAwLCJ1cGRhdGUiOjYwMDAwMDAwMDAwfX0=",
          "dependencies": [
            "module.k8s_cluster.data.nebius_client_config.client",
            "module.k8s_cluster.nebius_iam_service_account.node_account",
            "module.k8s_cluster.random_string.unique_id",
            "nebius_compute_gpu_cluster.this",
            "nebius_vpc_gateway.this",
            "nebius_vpc_network.this",
            "nebius_vpc_route_table.this",
            "nebius_vpc_subnet.this"
          ]
        }
      ]
    },
    {
      "module": "module.k8s_cluster",
      "mode": "managed",
      "type": "nebius_resourcemanager_folder_iam_member",
      "name": "node_account_monitoring",
      "provider": "provider[\"terraform-registry.storage.ai.nebius.cloud/nebius/nebius\"]",
      "instances": [
        {
          "schema_version": 0,
          "attributes": {
            "folder_id": "bje82q7sm8njm3c4rrlq",
            "id": "bje82q7sm8njm3c4rrlq/monitoring.editor/serviceAccount:ee8jsmrbc594r7sq30lh",
            "member": "serviceAccount:ee8jsmrbc594r7sq30lh",
            "role": "monitoring.editor",
            "sleep_after": null,
            "timeouts": null
          },
          "sensitive_attributes": [],
          "private": "eyJlMmJmYjczMC1lY2FhLTExZTYtOGY4OC0zNDM2M2JjN2M0YzAiOnsiY3JlYXRlIjo2MDAwMDAwMDAwMCwiZGVmYXVsdCI6NjAwMDAwMDAwMDAsImRlbGV0ZSI6NjAwMDAwMDAwMDAsInJlYWQiOjYwMDAwMDAwMDAwLCJ1cGRhdGUiOjYwMDAwMDAwMDAwfX0=",
          "dependencies": [
            "module.k8s_cluster.data.nebius_client_config.client",
            "module.k8s_cluster.nebius_iam_service_account.node_account",
            "module.k8s_cluster.random_string.unique_id",
            "nebius_compute_gpu_cluster.this",
            "nebius_vpc_gateway.this",
            "nebius_vpc_network.this",
            "nebius_vpc_route_table.this",
            "nebius_vpc_subnet.this"
          ]
        }
      ]
    },
    {
      "module": "module.k8s_cluster",
      "mode": "managed",
      "type": "nebius_resourcemanager_folder_iam_member",
      "name": "sa_cilium_network_policy_role",
      "provider": "provider[\"terraform-registry.storage.ai.nebius.cloud/nebius/nebius\"]",
      "instances": [
        {
          "index_key": 0,
          "schema_version": 0,
          "attributes": {
            "folder_id": "bje82q7sm8njm3c4rrlq",
            "id": "bje82q7sm8njm3c4rrlq/k8s.tunnelClusters.agent/serviceAccount:ee8jsmrbc5gbutp0eu0q",
            "member": "serviceAccount:ee8jsmrbc5gbutp0eu0q",
            "role": "k8s.tunnelClusters.agent",
            "sleep_after": null,
            "timeouts": null
          },
          "sensitive_attributes": [],
          "private": "eyJlMmJmYjczMC1lY2FhLTExZTYtOGY4OC0zNDM2M2JjN2M0YzAiOnsiY3JlYXRlIjo2MDAwMDAwMDAwMCwiZGVmYXVsdCI6NjAwMDAwMDAwMDAsImRlbGV0ZSI6NjAwMDAwMDAwMDAsInJlYWQiOjYwMDAwMDAwMDAwLCJ1cGRhdGUiOjYwMDAwMDAwMDAwfX0=",
          "dependencies": [
            "module.k8s_cluster.data.nebius_client_config.client",
            "module.k8s_cluster.nebius_iam_service_account.master",
            "module.k8s_cluster.random_string.unique_id",
            "nebius_compute_gpu_cluster.this",
            "nebius_vpc_gateway.this",
            "nebius_vpc_network.this",
            "nebius_vpc_route_table.this",
            "nebius_vpc_subnet.this"
          ]
        }
      ]
    },
    {
      "module": "module.k8s_cluster",
      "mode": "managed",
      "type": "nebius_resourcemanager_folder_iam_member",
      "name": "sa_node_group_loadbalancer_role_admin",
      "provider": "provider[\"terraform-registry.storage.ai.nebius.cloud/nebius/nebius\"]",
      "instances": [
        {
          "index_key": 0,
          "schema_version": 0,
          "attributes": {
            "folder_id": "bje82q7sm8njm3c4rrlq",
            "id": "bje82q7sm8njm3c4rrlq/load-balancer.admin/serviceAccount:ee8jsmrbc5gbutp0eu0q",
            "member": "serviceAccount:ee8jsmrbc5gbutp0eu0q",
            "role": "load-balancer.admin",
            "sleep_after": null,
            "timeouts": null
          },
          "sensitive_attributes": [],
          "private": "eyJlMmJmYjczMC1lY2FhLTExZTYtOGY4OC0zNDM2M2JjN2M0YzAiOnsiY3JlYXRlIjo2MDAwMDAwMDAwMCwiZGVmYXVsdCI6NjAwMDAwMDAwMDAsImRlbGV0ZSI6NjAwMDAwMDAwMDAsInJlYWQiOjYwMDAwMDAwMDAwLCJ1cGRhdGUiOjYwMDAwMDAwMDAwfX0=",
          "dependencies": [
            "module.k8s_cluster.data.nebius_client_config.client",
            "module.k8s_cluster.nebius_iam_service_account.master",
            "module.k8s_cluster.random_string.unique_id",
            "nebius_compute_gpu_cluster.this",
            "nebius_vpc_gateway.this",
            "nebius_vpc_network.this",
            "nebius_vpc_route_table.this",
            "nebius_vpc_subnet.this"
          ]
        }
      ]
    },
    {
      "module": "module.k8s_cluster",
      "mode": "managed",
      "type": "nebius_resourcemanager_folder_iam_member",
      "name": "sa_node_group_public_role_admin",
      "provider": "provider[\"terraform-registry.storage.ai.nebius.cloud/nebius/nebius\"]",
      "instances": [
        {
          "index_key": 0,
          "schema_version": 0,
          "attributes": {
            "folder_id": "bje82q7sm8njm3c4rrlq",
            "id": "bje82q7sm8njm3c4rrlq/vpc.publicAdmin/serviceAccount:ee8jsmrbc5gbutp0eu0q",
            "member": "serviceAccount:ee8jsmrbc5gbutp0eu0q",
            "role": "vpc.publicAdmin",
            "sleep_after": null,
            "timeouts": null
          },
          "sensitive_attributes": [],
          "private": "eyJlMmJmYjczMC1lY2FhLTExZTYtOGY4OC0zNDM2M2JjN2M0YzAiOnsiY3JlYXRlIjo2MDAwMDAwMDAwMCwiZGVmYXVsdCI6NjAwMDAwMDAwMDAsImRlbGV0ZSI6NjAwMDAwMDAwMDAsInJlYWQiOjYwMDAwMDAwMDAwLCJ1cGRhdGUiOjYwMDAwMDAwMDAwfX0=",
          "dependencies": [
            "module.k8s_cluster.data.nebius_client_config.client",
            "module.k8s_cluster.nebius_iam_service_account.master",
            "module.k8s_cluster.random_string.unique_id",
            "nebius_compute_gpu_cluster.this",
            "nebius_vpc_gateway.this",
            "nebius_vpc_network.this",
            "nebius_vpc_route_table.this",
            "nebius_vpc_subnet.this"
          ]
        }
      ]
    },
    {
      "module": "module.k8s_cluster",
      "mode": "managed",
      "type": "nebius_vpc_security_group",
      "name": "k8s_main_sg",
      "provider": "provider[\"terraform-registry.storage.ai.nebius.cloud/nebius/nebius\"]",
      "instances": [
        {
          "index_key": 0,
          "schema_version": 0,
          "attributes": {
            "created_at": "2024-06-28T19:59:43Z",
            "description": "K8S security group",
            "egress": [
              {
                "description": "Rule allows all outgoing traffic. Nodes can connect to nebius Container Registry, nebius Object Storage, Docker Hub, and so on.",
                "from_port": 0,
                "id": "btc1io5ej00ilg2nal3b",
                "labels": {},
                "port": -1,
                "predefined_target": "",
                "protocol": "ANY",
                "security_group_id": "",
                "to_port": 65535,
                "v4_cidr_blocks": [
                  "0.0.0.0/0"
                ],
                "v6_cidr_blocks": []
              }
            ],
            "folder_id": "bje82q7sm8njm3c4rrlq",
            "id": "btcn5rbo0s0nn3in4cn0",
            "ingress": [
              {
                "description": "All incoming access",
                "from_port": -1,
                "id": "btc3i95bknsocb1qtk88",
                "labels": {},
                "port": -1,
                "predefined_target": "",
                "protocol": "ANY",
                "security_group_id": "",
                "to_port": -1,
                "v4_cidr_blocks": [
                  "0.0.0.0/0"
                ],
                "v6_cidr_blocks": []
              },
              {
                "description": "Rule allows availability checks from load balancer's address range. It is required for the operation of a fault-tolerant cluster and load balancer services.",
                "from_port": 0,
                "id": "btc21h3qamloso64m1hm",
                "labels": {},
                "port": -1,
                "predefined_target": "loadbalancer_healthchecks",
                "protocol": "TCP",
                "security_group_id": "",
                "to_port": 65535,
                "v4_cidr_blocks": [],
                "v6_cidr_blocks": []
              },
              {
                "description": "Rule allows debugging ICMP packets from internal subnets.",
                "from_port": -1,
                "id": "btcpq042ttatmgnvauhu",
                "labels": {},
                "port": -1,
                "predefined_target": "",
                "protocol": "ICMP",
                "security_group_id": "",
                "to_port": -1,
                "v4_cidr_blocks": [
                  "10.0.0.0/8",
                  "172.16.0.0/12",
                  "192.168.0.0/16"
                ],
                "v6_cidr_blocks": []
              },
              {
                "description": "Rule allows incomming traffic from the Internet to the NodePort port range. Add ports or change existing ones to the required ports.",
                "from_port": 30000,
                "id": "btcb9sp28pc293g0ita3",
                "labels": {},
                "port": -1,
                "predefined_target": "",
                "protocol": "TCP",
                "security_group_id": "",
                "to_port": 32767,
                "v4_cidr_blocks": [
                  "0.0.0.0/0"
                ],
                "v6_cidr_blocks": []
              },
              {
                "description": "Rule allows master-node and node-node communication inside a security group.",
                "from_port": 0,
                "id": "btcpsjcvkbrdv3i1void",
                "labels": {},
                "port": -1,
                "predefined_target": "self_security_group",
                "protocol": "ANY",
                "security_group_id": "",
                "to_port": 65535,
                "v4_cidr_blocks": [],
                "v6_cidr_blocks": []
              },
              {
                "description": "Rule allows pod-pod and service-service communication inside a security group. Indicate your IP ranges.",
                "from_port": 0,
                "id": "btcfq6eqf9e7je0bgml6",
                "labels": {},
                "port": -1,
                "predefined_target": "",
                "protocol": "ANY",
                "security_group_id": "",
                "to_port": 65535,
                "v4_cidr_blocks": [
                  "172.17.0.0/16",
                  "172.18.0.0/16"
                ],
                "v6_cidr_blocks": []
              }
            ],
            "labels": {},
            "name": "k8s-security-main-5m1bet2l",
            "network_id": "btcn1qjb7omuuidhe566",
            "status": "ACTIVE",
            "timeouts": null
          },
          "sensitive_attributes": [],
          "private": "eyJlMmJmYjczMC1lY2FhLTExZTYtOGY4OC0zNDM2M2JjN2M0YzAiOnsiY3JlYXRlIjoxODAwMDAwMDAwMDAsImRlbGV0ZSI6MTgwMDAwMDAwMDAwLCJ1cGRhdGUiOjE4MDAwMDAwMDAwMH19",
          "dependencies": [
            "module.k8s_cluster.data.nebius_client_config.client",
            "module.k8s_cluster.random_string.unique_id",
            "nebius_compute_gpu_cluster.this",
            "nebius_vpc_gateway.this",
            "nebius_vpc_network.this",
            "nebius_vpc_route_table.this",
            "nebius_vpc_subnet.this"
          ]
        }
      ]
    },
    {
      "module": "module.k8s_cluster",
      "mode": "managed",
      "type": "nebius_vpc_security_group",
      "name": "k8s_master_whitelist_sg",
      "provider": "provider[\"terraform-registry.storage.ai.nebius.cloud/nebius/nebius\"]",
      "instances": [
        {
          "index_key": 0,
          "schema_version": 0,
          "attributes": {
            "created_at": "2024-06-28T19:59:43Z",
            "description": "Allow access to Kubernetes API from internet.",
            "egress": [],
            "folder_id": "bje82q7sm8njm3c4rrlq",
            "id": "btcu2i4tnaubvd6hsphr",
            "ingress": [
              {
                "description": "Allow access to Kubernetes API via port 443 from subnet.",
                "from_port": -1,
                "id": "btcgr0p9bolouo67n1a6",
                "labels": {},
                "port": 443,
                "predefined_target": "",
                "protocol": "TCP",
                "security_group_id": "",
                "to_port": -1,
                "v4_cidr_blocks": [
                  "0.0.0.0/0"
                ],
                "v6_cidr_blocks": []
              },
              {
                "description": "Allow access to Kubernetes API via port 6443 from subnet.",
                "from_port": -1,
                "id": "btcglqg364ri3plfhp7t",
                "labels": {},
                "port": 6443,
                "predefined_target": "",
                "protocol": "TCP",
                "security_group_id": "",
                "to_port": -1,
                "v4_cidr_blocks": [
                  "0.0.0.0/0"
                ],
                "v6_cidr_blocks": []
              }
            ],
            "labels": {},
            "name": "k8s-master-whitelist-5m1bet2l",
            "network_id": "btcn1qjb7omuuidhe566",
            "status": "ACTIVE",
            "timeouts": null
          },
          "sensitive_attributes": [],
          "private": "eyJlMmJmYjczMC1lY2FhLTExZTYtOGY4OC0zNDM2M2JjN2M0YzAiOnsiY3JlYXRlIjoxODAwMDAwMDAwMDAsImRlbGV0ZSI6MTgwMDAwMDAwMDAwLCJ1cGRhdGUiOjE4MDAwMDAwMDAwMH19",
          "dependencies": [
            "module.k8s_cluster.data.nebius_client_config.client",
            "module.k8s_cluster.random_string.unique_id",
            "nebius_compute_gpu_cluster.this",
            "nebius_vpc_gateway.this",
            "nebius_vpc_network.this",
            "nebius_vpc_route_table.this",
            "nebius_vpc_subnet.this"
          ]
        }
      ]
    },
    {
      "module": "module.k8s_cluster",
      "mode": "managed",
      "type": "nebius_vpc_security_group",
      "name": "k8s_nodes_ssh_access_sg",
      "provider": "provider[\"terraform-registry.storage.ai.nebius.cloud/nebius/nebius\"]",
      "instances": [
        {
          "index_key": 0,
          "schema_version": 0,
          "attributes": {
            "created_at": "2024-06-28T19:59:43Z",
            "description": "Allow connect to workers nodes from internet SSH.",
            "egress": [],
            "folder_id": "bje82q7sm8njm3c4rrlq",
            "id": "btc3uv27t9016fbosk82",
            "ingress": [
              {
                "description": "Allow access to worker nodes via SSH from IP's.",
                "from_port": -1,
                "id": "btc9iqfao04u6it8rhab",
                "labels": {},
                "port": 22,
                "predefined_target": "",
                "protocol": "TCP",
                "security_group_id": "",
                "to_port": -1,
                "v4_cidr_blocks": [
                  "0.0.0.0/0"
                ],
                "v6_cidr_blocks": []
              }
            ],
            "labels": {},
            "name": "k8s-nodes-ssh-access-5m1bet2l",
            "network_id": "btcn1qjb7omuuidhe566",
            "status": "ACTIVE",
            "timeouts": null
          },
          "sensitive_attributes": [],
          "private": "eyJlMmJmYjczMC1lY2FhLTExZTYtOGY4OC0zNDM2M2JjN2M0YzAiOnsiY3JlYXRlIjoxODAwMDAwMDAwMDAsImRlbGV0ZSI6MTgwMDAwMDAwMDAwLCJ1cGRhdGUiOjE4MDAwMDAwMDAwMH19",
          "dependencies": [
            "module.k8s_cluster.data.nebius_client_config.client",
            "module.k8s_cluster.random_string.unique_id",
            "nebius_compute_gpu_cluster.this",
            "nebius_vpc_gateway.this",
            "nebius_vpc_network.this",
            "nebius_vpc_route_table.this",
            "nebius_vpc_subnet.this"
          ]
        }
      ]
    },
    {
      "module": "module.k8s_cluster",
      "mode": "managed",
      "type": "random_string",
      "name": "unique_id",
      "provider": "provider[\"registry.terraform.io/hashicorp/random\"]",
      "instances": [
        {
          "schema_version": 2,
          "attributes": {
            "id": "5m1bet2l",
            "keepers": null,
            "length": 8,
            "lower": true,
            "min_lower": 0,
            "min_numeric": 0,
            "min_special": 0,
            "min_upper": 0,
            "number": true,
            "numeric": true,
            "override_special": null,
            "result": "5m1bet2l",
            "special": false,
            "upper": false
          },
          "sensitive_attributes": [],
          "dependencies": [
            "nebius_compute_gpu_cluster.this",
            "nebius_vpc_gateway.this",
            "nebius_vpc_network.this",
            "nebius_vpc_route_table.this",
            "nebius_vpc_subnet.this"
          ]
        }
      ]
    }
  ],
  "check_results": [
    {
      "object_kind": "var",
      "config_addr": "module.k8s_cluster.var.release_channel",
      "status": "pass",
      "objects": [
        {
          "object_addr": "module.k8s_cluster.var.release_channel",
          "status": "pass"
        }
      ]
    },
    {
      "object_kind": "var",
      "config_addr": "module.k8s_cluster.var.master_locations",
      "status": "pass",
      "objects": [
        {
          "object_addr": "module.k8s_cluster.var.master_locations",
          "status": "pass"
        }
      ]
    },
    {
      "object_kind": "var",
      "config_addr": "module.k8s_cluster.var.container_runtime_type",
      "status": "pass",
      "objects": [
        {
          "object_addr": "module.k8s_cluster.var.container_runtime_type",
          "status": "pass"
        }
      ]
    },
    {
      "object_kind": "var",
      "config_addr": "module.k8s_cluster.var.node_locations",
      "status": "pass",
      "objects": [
        {
          "object_addr": "module.k8s_cluster.var.node_locations",
          "status": "pass"
        }
      ]
    },
    {
      "object_kind": "var",
      "config_addr": "module.k8s_cluster.var.network_acceleration_type",
      "status": "pass",
      "objects": [
        {
          "object_addr": "module.k8s_cluster.var.network_acceleration_type",
          "status": "pass"
        }
      ]
    }
  ]
}
